
Microsoft Visual Studio Solution File, Format Version 12.00
# Visual Studio 15
VisualStudioVersion = 15.0.27428.2015
MinimumVisualStudioVersion = 10.0.40219.1
Project("{FAE04EC0-301F-11D3-BF4B-00C04F79EFBC}") = "DiscordMarkdownRandomizer", "DiscordMarkdownRandomizer\DiscordMarkdownRandomizer.csproj", "{AA453B97-CDDE-4426-AD85-FFECA27A942E}"
EndProject
Global
	GlobalSection(SolutionConfigurationPlatforms) = preSolution
		Debug|Any CPU = Debug|Any CPU
		Release|Any CPU = Release|Any CPU
	EndGlobalSection
	GlobalSection(ProjectConfigurationPlatforms) = postSolution
		{AA453B97-CDDE-4426-AD85-FFECA27A942E}.Debug|Any CPU.ActiveCfg = Debug|Any CPU
		{AA453B97-CDDE-4426-AD85-FFECA27A942E}.Debug|Any CPU.Build.0 = Debug|Any CPU
		{AA453B97-CDDE-4426-AD85-FFECA27A942E}.Release|Any CPU.ActiveCfg = Release|Any CPU
		{AA453B97-CDDE-4426-AD85-FFECA27A942E}.Release|Any CPU.Build.0 = Release|Any CPU
	EndGlobalSection
	GlobalSection(SolutionProperties) = preSolution
		HideSolutionNode = FALSE
	EndGlobalSection
	GlobalSection(ExtensibilityGlobals) = postSolution
		SolutionGuid = {FD62BB90-DE81-4F05-896B-A00D4E7B2725}
	EndGlobalSection
EndGlobal
